# THIS IS AN AUTOGENERATED FILE. DO NOT EDIT THIS FILE DIRECTLY.
# yarn lockfile v1


bootstrap@^4.5.0:
  version "4.5.0"
  resolved "https://registry.npm.taobao.org/bootstrap/download/bootstrap-4.5.0.tgz#97d9dbcb5a8972f8722c9962483543b907d9b9ec"
  integrity sha1-l9nby1qJcvhyLJliSDVDuQfZuew=

highlight.js@^10.0.3:
  version "10.0.3"
  resolved "https://registry.npm.taobao.org/highlight.js/download/highlight.js-10.0.3.tgz#5effcc58420f113f279a0badb8ac50c4be06e63b"
  integrity sha1-Xv/MWEIPET8nmgutuKxQxL4G5js=

jquery@^3.5.1:
  version "3.5.1"
  resolved "https://registry.npm.taobao.org/jquery/download/jquery-3.5.1.tgz#d7b4d08e1bfdb86ad2f1a3d039ea17304717abb5"
  integrity sha1-17TQjhv9uGrS8aPQOeoXMEcXq7U=

marked@^1.1.0:
  version "1.1.0"
  resolved "https://registry.npm.taobao.org/marked/download/marked-1.1.0.tgz?cache=0&sync_timestamp=1589668788997&other_urls=https%3A%2F%2Fregistry.npm.taobao.org%2Fmarked%2Fdownload%2Fmarked-1.1.0.tgz#62504ad4d11550c942935ccc5e39d64e5a4c4e50"
  integrity sha1-YlBK1NEVUMlCk1zMXjnWTlpMTlA=
